Microsoft Visual Studio Solution File, Format Version 7.00
Project("{F184B08F-C81C-45F6-A57F-5ABD9991F28F}") = "VB7BasEx", "VB7BasEx.vbproj", "{40F6CBAB-5342-40A0-86F6-93837A0886B1}"
EndProject
Global
	GlobalSection(SolutionConfiguration) = preSolution
		ConfigName.0 = Debug
		ConfigName.1 = Release
	EndGlobalSection
	GlobalSection(ProjectDependencies) = postSolution
	EndGlobalSection
	GlobalSection(ProjectConfiguration) = postSolution
		{40F6CBAB-5342-40A0-86F6-93837A0886B1}.Debug.ActiveCfg = Debug|.NET
		{40F6CBAB-5342-40A0-86F6-93837A0886B1}.Debug.Build.0 = Debug|.NET
		{40F6CBAB-5342-40A0-86F6-93837A0886B1}.Release.ActiveCfg = Release|.NET
		{40F6CBAB-5342-40A0-86F6-93837A0886B1}.Release.Build.0 = Release|.NET
	EndGlobalSection
	GlobalSection(ExtensibilityGlobals) = postSolution
	EndGlobalSection
	GlobalSection(ExtensibilityAddIns) = postSolution
	EndGlobalSection
EndGlobal
